
Microsoft Visual Studio Solution File, Format Version 12.00
# Visual Studio 15
VisualStudioVersion = 15.0.28307.489
MinimumVisualStudioVersion = 10.0.40219.1
Project("{FAE04EC0-301F-11D3-BF4B-00C04F79EFBC}") = "BlogApp.WebUI", "BlogApp.WebUI\BlogApp.WebUI.csproj", "{E9765EAD-398A-489A-A2BB-A5146D897CEF}"
EndProject
Project("{FAE04EC0-301F-11D3-BF4B-00C04F79EFBC}") = "BlogApp.Entity", "BlogApp.Entity\BlogApp.Entity.csproj", "{2B2ABE22-9EE6-45B6-BE27-8600A01CB285}"
EndProject
Project("{FAE04EC0-301F-11D3-BF4B-00C04F79EFBC}") = "BlogApp.Data", "BlogApp.Data\BlogApp.Data.csproj", "{4F910B42-05A7-478E-BB27-B91CD435BD82}"
EndProject
Global
	GlobalSection(SolutionConfigurationPlatforms) = preSolution
		Debug|Any CPU = Debug|Any CPU
		Release|Any CPU = Release|Any CPU
	EndGlobalSection
	GlobalSection(ProjectConfigurationPlatforms) = postSolution
		{E9765EAD-398A-489A-A2BB-A5146D897CEF}.Debug|Any CPU.ActiveCfg = Debug|Any CPU
		{E9765EAD-398A-489A-A2BB-A5146D897CEF}.Debug|Any CPU.Build.0 = Debug|Any CPU
		{E9765EAD-398A-489A-A2BB-A5146D897CEF}.Release|Any CPU.ActiveCfg = Release|Any CPU
		{E9765EAD-398A-489A-A2BB-A5146D897CEF}.Release|Any CPU.Build.0 = Release|Any CPU
		{2B2ABE22-9EE6-45B6-BE27-8600A01CB285}.Debug|Any CPU.ActiveCfg = Debug|Any CPU
		{2B2ABE22-9EE6-45B6-BE27-8600A01CB285}.Debug|Any CPU.Build.0 = Debug|Any CPU
		{2B2ABE22-9EE6-45B6-BE27-8600A01CB285}.Release|Any CPU.ActiveCfg = Release|Any CPU
		{2B2ABE22-9EE6-45B6-BE27-8600A01CB285}.Release|Any CPU.Build.0 = Release|Any CPU
		{4F910B42-05A7-478E-BB27-B91CD435BD82}.Debug|Any CPU.ActiveCfg = Debug|Any CPU
		{4F910B42-05A7-478E-BB27-B91CD435BD82}.Debug|Any CPU.Build.0 = Debug|Any CPU
		{4F910B42-05A7-478E-BB27-B91CD435BD82}.Release|Any CPU.ActiveCfg = Release|Any CPU
		{4F910B42-05A7-478E-BB27-B91CD435BD82}.Release|Any CPU.Build.0 = Release|Any CPU
	EndGlobalSection
	GlobalSection(SolutionProperties) = preSolution
		HideSolutionNode = FALSE
	EndGlobalSection
	GlobalSection(ExtensibilityGlobals) = postSolution
		SolutionGuid = {0D389FC3-08B2-43F0-82B9-5D8CF4EA7D10}
	EndGlobalSection
EndGlobal
